github.com/davecgh/go-spew v1.1.1 h1:vj9j/u1bqnvCEfJOwUhtlOARqs3+rkHYY13jYWTU97c=
github.com/davecgh/go-spew v1.1.1/go.mod h1:J7Y8YcW2NihsgmVo/mv3lAwl/skON4iLHjSsI+c5H38=
github.com/gorilla/websocket v1.5.3 h1:saDtZ6Pbx/0u+bgYQ3q96pZgCzfhKXGPqt7kZ72aNNg=
github.com/gorilla/websocket v1.5.3/go.mod h1:YR8l580nyteQvAITg2hZ9XVh4b55+EU/adAjf1fMHhE=
github.com/huin/asn1ber v0.0.0-20120622192748-af09f62e6358 h1:hVXNJ57IHkOA8FBq80UG263MEBwNUMfS9c82J2QE5UQ=
github.com/huin/asn1ber v0.0.0-20120622192748-af09f62e6358/go.mod h1:qBE210J2T9uLXRB3GNc73SvZACDEFAmDCOlDkV47zbY=
github.com/icodeface/tls v0.0.0-20190904083142-17aec93c60e5 h1:ZcsPFW8UgACapqjcrBJx0PuyT4ppArO5VFn0vgnkvmc=
github.com/icodeface/tls v0.0.0-20190904083142-17aec93c60e5/go.mod h1:VJNHW2GxCtQP/IQtXykBIPBV8maPJ/dHWirVTwm9GwY=
github.com/lunixbochs/struc v0.0.0-20200707160740-784aaebc1d40 h1:EnfXoSqDfSNJv0VBNqY/88RNnhSGYkrHaO0mmFGbVsc=
github.com/lunixbochs/struc v0.0.0-20200707160740-784aaebc1d40/go.mod h1:vy1vK6wD6j7xX6O6hXe621WabdtNkou2h7uRtTfRMyg=
github.com/pmezard/go-difflib v1.0.0 h1:4DBwDE0NGyQoBHbLQYPwSUPoCMWR5BEzIk/f1lZbAQM=
github.com/pmezard/go-difflib v1.0.0/go.mod h1:iKH77koFhYxTK1pcRnkKkqfTogsbg7gZNVY4sRDYZ/4=
github.com/shirou/w32 v0.0.0-20160930032740-bb4de0191aa4 h1:udFKJ0aHUL60LboW/A+DfgoHVedieIzIXE8uylPue0U=
github.com/shirou/w32 v0.0.0-20160930032740-bb4de0191aa4/go.mod h1:qsXQc7+bwAM3Q1u/4XEfrquwF8Lw7D7y5cD8CuHnfIc=
github.com/stretchr/testify v1.10.0 h1:Xv5erBjTwe/5IxqUQTdXv5kgmIvbHo3QQyRwhJsOfJA=
github.com/stretchr/testify v1.10.0/go.mod h1:r2ic/lqez/lEtzL7wO/rwa5dbSLXVDPFyf8C91i36aY=
github.com/tomatome/grdp v0.1.0 h1:MFX+l91/+RelL+RERqald+LwoGWfDubJvwfkmObE+NU=
github.com/tomatome/grdp v0.1.0/go.mod h1:n6f5uALqoKqeTXdtrYFk14YBPelBHQEHagft+1j0oWc=
github.com/tomatome/win v0.3.1 h1:jDUqhWwWNVAyr/hwzMWfgSIDXX9I4Opjy/XAlPAKh/Q=
github.com/tomatome/win v0.3.1/go.mod h1:YY2OpEdJ5Z1gOya7w+W7Ziv/lRIiokxlQgj4i7QgbhY=
golang.org/x/crypto v0.0.0-20220622213112-05595931fe9d h1:sK3txAijHtOK88l68nt020reeT1ZdKLIYetKl95FzVY=
golang.org/x/crypto v0.0.0-20220622213112-05595931fe9d/go.mod h1:IxCIyHEi3zRg3s0A5j5BB6A9Jmi73HwBIUl50j+osU4=
gopkg.in/check.v1 v0.0.0-20161208181325-20d25e280405 h1:yhCVgyC4o1eVCa2tZl7eS0r+SDo693bJlVdllGtEeKM=
gopkg.in/check.v1 v0.0.0-20161208181325-20d25e280405/go.mod h1:Co6ibVJAznAaIkqp8huTwlJQCZ016jof/cbN4VW5Yz0=
gopkg.in/yaml.v3 v3.0.1 h1:fxVm/GzAzEWqLHuvctI91KS9hhNmmWOoWu0XTYJS7CA=
gopkg.in/yaml.v3 v3.0.1/go.mod h1:K4uyk7z7BCEPqu6E+C64Yfv1cQ7kz7rIZviUmN+EgEM=
